
Microsoft Visual Studio Solution File, Format Version 12.00
# Visual Studio Version 17
VisualStudioVersion = 17.9.34607.119
MinimumVisualStudioVersion = 10.0.40219.1
Project("{FAE04EC0-301F-11D3-BF4B-00C04F79EFBC}") = "CmdShell", "CmdShell\CmdShell.csproj", "{C565E890-B5C3-46DF-9C44-EBA5DFC06AEF}"
EndProject
Project("{FAE04EC0-301F-11D3-BF4B-00C04F79EFBC}") = "TestApp", "TestApp\TestApp.csproj", "{A7AAA65B-76C1-4011-9F6E-3A301A7D5D0F}"
EndProject
Global
	GlobalSection(SolutionConfigurationPlatforms) = preSolution
		Debug|Any CPU = Debug|Any CPU
		Release|Any CPU = Release|Any CPU
	EndGlobalSection
	GlobalSection(ProjectConfigurationPlatforms) = postSolution
		{C565E890-B5C3-46DF-9C44-EBA5DFC06AEF}.Debug|Any CPU.ActiveCfg = Debug|Any CPU
		{C565E890-B5C3-46DF-9C44-EBA5DFC06AEF}.Debug|Any CPU.Build.0 = Debug|Any CPU
		{C565E890-B5C3-46DF-9C44-EBA5DFC06AEF}.Release|Any CPU.ActiveCfg = Release|Any CPU
		{C565E890-B5C3-46DF-9C44-EBA5DFC06AEF}.Release|Any CPU.Build.0 = Release|Any CPU
		{A7AAA65B-76C1-4011-9F6E-3A301A7D5D0F}.Debug|Any CPU.ActiveCfg = Debug|Any CPU
		{A7AAA65B-76C1-4011-9F6E-3A301A7D5D0F}.Debug|Any CPU.Build.0 = Debug|Any CPU
		{A7AAA65B-76C1-4011-9F6E-3A301A7D5D0F}.Release|Any CPU.ActiveCfg = Release|Any CPU
		{A7AAA65B-76C1-4011-9F6E-3A301A7D5D0F}.Release|Any CPU.Build.0 = Release|Any CPU
	EndGlobalSection
	GlobalSection(SolutionProperties) = preSolution
		HideSolutionNode = FALSE
	EndGlobalSection
	GlobalSection(ExtensibilityGlobals) = postSolution
		SolutionGuid = {2A8ADFAC-DC61-4FCC-9E4C-F4552D88D015}
	EndGlobalSection
EndGlobal
